// !$*UTF8*$!
{
	archiveVersion = 1;
	classes = {
	};
	objectVersion = 50;
	objects = {

/* Begin PBXBuildFile section */
		90885701204D846D00B1373F /* AppDelegate.swift in Sources */ = {isa = PBXBuildFile; fileRef = 90885700204D846D00B1373F /* AppDelegate.swift */; };
		90885703204D846D00B1373F /* FirstViewController.swift in Sources */ = {isa = PBXBuildFile; fileRef = 90885702204D846D00B1373F /* FirstViewController.swift */; };
		90885705204D846D00B1373F /* SecondViewController.swift in Sources */ = {isa = PBXBuildFile; fileRef = 90885704204D846D00B1373F /* SecondViewController.swift */; };
		90885708204D846E00B1373F /* Main.storyboard in Resources */ = {isa = PBXBuildFile; fileRef = 90885706204D846E00B1373F /* Main.storyboard */; };
		9088570A204D847600B1373F /* Assets.xcassets in Resources */ = {isa = PBXBuildFile; fileRef = 90885709204D847600B1373F /* Assets.xcassets */; };
		9088570D204D847600B1373F /* LaunchScreen.storyboard in Resources */ = {isa = PBXBuildFile; fileRef = 9088570B204D847600B1373F /* LaunchScreen.storyboard */; };
		9088571A204D8BED00B1373F /* GoogleService-Info.plist in Resources */ = {isa = PBXBuildFile; fileRef = 90885719204D8BED00B1373F /* GoogleService-Info.plist */; };
		9088571C204D930600B1373F /* DataService.swift in Sources */ = {isa = PBXBuildFile; fileRef = 9088571B204D930600B1373F /* DataService.swift */; };
		9088571E204DA20400B1373F /* GradientView.swift in Sources */ = {isa = PBXBuildFile; fileRef = 9088571D204DA20400B1373F /* GradientView.swift */; };
		90885720204DB45A00B1373F /* RoundedView.swift in Sources */ = {isa = PBXBuildFile; fileRef = 9088571F204DB45A00B1373F /* RoundedView.swift */; };
		AE01A27B3B2EBFC0346D37BD /* Pods_breakpoint.framework in Frameworks */ = {isa = PBXBuildFile; fileRef = 73AE1EBB46088A97FC41F322 /* Pods_breakpoint.framework */; };
/* End PBXBuildFile section */

/* Begin PBXFileReference section */
		1AE84E0792A40D311BD1BAF9 /* Pods-breakpoint.release.xcconfig */ = {isa = PBXFileReference; includeInIndex = 1; lastKnownFileType = text.xcconfig; name = "Pods-breakpoint.release.xcconfig"; path = "Pods/Target Support Files/Pods-breakpoint/Pods-breakpoint.release.xcconfig"; sourceTree = "<group>"; };
		73AE1EBB46088A97FC41F322 /* Pods_breakpoint.framework */ = {isa = PBXFileReference; explicitFileType = wrapper.framework; includeInIndex = 0; path = Pods_breakpoint.framework; sourceTree = BUILT_PRODUCTS_DIR; };
		908856FD204D846D00B1373F /* breakpoint.app */ = {isa = PBXFileReference; explicitFileType = wrapper.application; includeInIndex = 0; path = breakpoint.app; sourceTree = BUILT_PRODUCTS_DIR; };
		90885700204D846D00B1373F /* AppDelegate.swift */ = {isa = PBXFileReference; lastKnownFileType = sourcecode.swift; path = AppDelegate.swift; sourceTree = "<group>"; };
		90885702204D846D00B1373F /* FirstViewController.swift */ = {isa = PBXFileReference; lastKnownFileType = sourcecode.swift; path = FirstViewController.swift; sourceTree = "<group>"; };
		90885704204D846D00B1373F /* SecondViewController.swift */ = {isa = PBXFileReference; lastKnownFileType = sourcecode.swift; path = SecondViewController.swift; sourceTree = "<group>"; };
		90885707204D846E00B1373F /* Base */ = {isa = PBXFileReference; lastKnownFileType = file.storyboard; name = Base; path = Base.lproj/Main.storyboard; sourceTree = "<group>"; };
		90885709204D847600B1373F /* Assets.xcassets */ = {isa = PBXFileReference; lastKnownFileType = folder.assetcatalog; path = Assets.xcassets; sourceTree = "<group>"; };
		9088570C204D847600B1373F /* Base */ = {isa = PBXFileReference; lastKnownFileType = file.storyboard; name = Base; path = Base.lproj/LaunchScreen.storyboard; sourceTree = "<group>"; };
		9088570E204D847600B1373F /* Info.plist */ = {isa = PBXFileReference; lastKnownFileType = text.plist.xml; path = Info.plist; sourceTree = "<group>"; };
		90885719204D8BED00B1373F /* GoogleService-Info.plist */ = {isa = PBXFileReference; fileEncoding = 4; lastKnownFileType = text.plist.xml; path = "GoogleService-Info.plist"; sourceTree = "<group>"; };
		9088571B204D930600B1373F /* DataService.swift */ = {isa = PBXFileReference; lastKnownFileType = sourcecode.swift; path = DataService.swift; sourceTree = "<group>"; };
		9088571D204DA20400B1373F /* GradientView.swift */ = {isa = PBXFileReference; lastKnownFileType = sourcecode.swift; path = GradientView.swift; sourceTree = "<group>"; };
		9088571F204DB45A00B1373F /* RoundedView.swift */ = {isa = PBXFileReference; lastKnownFileType = sourcecode.swift; path = RoundedView.swift; sourceTree = "<group>"; };
		E295022F1C88C5A0FEAD4A00 /* Pods-breakpoint.debug.xcconfig */ = {isa = PBXFileReference; includeInIndex = 1; lastKnownFileType = text.xcconfig; name = "Pods-breakpoint.debug.xcconfig"; path = "Pods/Target Support Files/Pods-breakpoint/Pods-breakpoint.debug.xcconfig"; sourceTree = "<group>"; };
/* End PBXFileReference section */

/* Begin PBXFrameworksBuildPhase section */
		908856FA204D846D00B1373F /* Frameworks */ = {
			isa = PBXFrameworksBuildPhase;
			buildActionMask = 2147483647;
			files = (
				AE01A27B3B2EBFC0346D37BD /* Pods_breakpoint.framework in Frameworks */,
			);
			runOnlyForDeploymentPostprocessing = 0;
		};
/* End PBXFrameworksBuildPhase section */

/* Begin PBXGroup section */
		1A9F1FC3409862B519447983 /* Frameworks */ = {
			isa = PBXGroup;
			children = (
				73AE1EBB46088A97FC41F322 /* Pods_breakpoint.framework */,
			);
			name = Frameworks;
			sourceTree = "<group>";
		};
		908856F4204D846D00B1373F = {
			isa = PBXGroup;
			children = (
				908856FF204D846D00B1373F /* breakpoint */,
				908856FE204D846D00B1373F /* Products */,
				946B57672BE48E7374DEF0C8 /* Pods */,
				1A9F1FC3409862B519447983 /* Frameworks */,
			);
			sourceTree = "<group>";
		};
		908856FE204D846D00B1373F /* Products */ = {
			isa = PBXGroup;
			children = (
				908856FD204D846D00B1373F /* breakpoint.app */,
			);
			name = Products;
			sourceTree = "<group>";
		};
		908856FF204D846D00B1373F /* breakpoint */ = {
			isa = PBXGroup;
			children = (
				90885718204D890A00B1373F /* Services */,
				90885717204D88D700B1373F /* Extensions */,
				90885716204D88CC00B1373F /* Model */,
				90885715204D88C100B1373F /* View */,
				90885714204D88AE00B1373F /* Controller */,
				90885700204D846D00B1373F /* AppDelegate.swift */,
				90885706204D846E00B1373F /* Main.storyboard */,
				90885709204D847600B1373F /* Assets.xcassets */,
				9088570B204D847600B1373F /* LaunchScreen.storyboard */,
				9088570E204D847600B1373F /* Info.plist */,
				90885719204D8BED00B1373F /* GoogleService-Info.plist */,
			);
			path = breakpoint;
			sourceTree = "<group>";
		};
		90885714204D88AE00B1373F /* Controller */ = {
			isa = PBXGroup;
			children = (
				90885704204D846D00B1373F /* SecondViewController.swift */,
				90885702204D846D00B1373F /* FirstViewController.swift */,
			);
			path = Controller;
			sourceTree = "<group>";
		};
		90885715204D88C100B1373F /* View */ = {
			isa = PBXGroup;
			children = (
				9088571D204DA20400B1373F /* GradientView.swift */,
				9088571F204DB45A00B1373F /* RoundedView.swift */,
			);
			path = View;
			sourceTree = "<group>";
		};
		90885716204D88CC00B1373F /* Model */ = {
			isa = PBXGroup;
			children = (
			);
			path = Model;
			sourceTree = "<group>";
		};
		90885717204D88D700B1373F /* Extensions */ = {
			isa = PBXGroup;
			children = (
			);
			path = Extensions;
			sourceTree = "<group>";
		};
		90885718204D890A00B1373F /* Services */ = {
			isa = PBXGroup;
			children = (
				9088571B204D930600B1373F /* DataService.swift */,
			);
			path = Services;
			sourceTree = "<group>";
		};
		946B57672BE48E7374DEF0C8 /* Pods */ = {
			isa = PBXGroup;
			children = (
				E295022F1C88C5A0FEAD4A00 /* Pods-breakpoint.debug.xcconfig */,
				1AE84E0792A40D311BD1BAF9 /* Pods-breakpoint.release.xcconfig */,
			);
			name = Pods;
			sourceTree = "<group>";
		};
/* End PBXGroup section */

/* Begin PBXNativeTarget section */
		908856FC204D846D00B1373F /* breakpoint */ = {
			isa = PBXNativeTarget;
			buildConfigurationList = 90885711204D847600B1373F /* Build configuration list for PBXNativeTarget "breakpoint" */;
			buildPhases = (
				46DF3E2506EA33A9CBE90C67 /* [CP] Check Pods Manifest.lock */,
				908856F9204D846D00B1373F /* Sources */,
				908856FA204D846D00B1373F /* Frameworks */,
				908856FB204D846D00B1373F /* Resources */,
				F1240D8F95535CD6F2B954BB /* [CP] Embed Pods Frameworks */,
				72304604418843D3207C4420 /* [CP] Copy Pods Resources */,
			);
			buildRules = (
			);
			dependencies = (
			);
			name = breakpoint;
			productName = breakpoint;
			productReference = 908856FD204D846D00B1373F /* breakpoint.app */;
			productType = "com.apple.product-type.application";
		};
/* End PBXNativeTarget section */

/* Begin PBXProject section */
		908856F5204D846D00B1373F /* Project object */ = {
			isa = PBXProject;
			attributes = {
				LastSwiftUpdateCheck = 0930;
				LastUpgradeCheck = 0930;
				ORGANIZATIONNAME = "Soufiane Salouf";
				TargetAttributes = {
					908856FC204D846D00B1373F = {
						CreatedOnToolsVersion = 9.3;
					};
				};
			};
			buildConfigurationList = 908856F8204D846D00B1373F /* Build configuration list for PBXProject "breakpoint" */;
			compatibilityVersion = "Xcode 9.3";
			developmentRegion = en;
			hasScannedForEncodings = 0;
			knownRegions = (
				en,
				Base,
			);
			mainGroup = 908856F4204D846D00B1373F;
			productRefGroup = 908856FE204D846D00B1373F /* Products */;
			projectDirPath = "";
			projectRoot = "";
			targets = (
				908856FC204D846D00B1373F /* breakpoint */,
			);
		};
/* End PBXProject section */

/* Begin PBXResourcesBuildPhase section */
		908856FB204D846D00B1373F /* Resources */ = {
			isa = PBXResourcesBuildPhase;
			buildActionMask = 2147483647;
			files = (
				9088570D204D847600B1373F /* LaunchScreen.storyboard in Resources */,
				9088571A204D8BED00B1373F /* GoogleService-Info.plist in Resources */,
				9088570A204D847600B1373F /* Assets.xcassets in Resources */,
				90885708204D846E00B1373F /* Main.storyboard in Resources */,
			);
			runOnlyForDeploymentPostprocessing = 0;
		};
/* End PBXResourcesBuildPhase section */

/* Begin PBXShellScriptBuildPhase section */
		46DF3E2506EA33A9CBE90C67 /* [CP] Check Pods Manifest.lock */ = {
			isa = PBXShellScriptBuildPhase;
			buildActionMask = 2147483647;
			files = (
			);
			inputPaths = (
				"${PODS_PODFILE_DIR_PATH}/Podfile.lock",
				"${PODS_ROOT}/Manifest.lock",
			);
			name = "[CP] Check Pods Manifest.lock";
			outputPaths = (
				"$(DERIVED_FILE_DIR)/Pods-breakpoint-checkManifestLockResult.txt",
			);
			runOnlyForDeploymentPostprocessing = 0;
			shellPath = /bin/sh;
			shellScript = "diff \"${PODS_PODFILE_DIR_PATH}/Podfile.lock\" \"${PODS_ROOT}/Manifest.lock\" > /dev/null\nif [ $? != 0 ] ; then\n    # print error to STDERR\n    echo \"error: The sandbox is not in sync with the Podfile.lock. Run 'pod install' or update your CocoaPods installation.\" >&2\n    exit 1\nfi\n# This output is used by Xcode 'outputs' to avoid re-running this script phase.\necho \"SUCCESS\" > \"${SCRIPT_OUTPUT_FILE_0}\"\n";
			showEnvVarsInLog = 0;
		};
		72304604418843D3207C4420 /* [CP] Copy Pods Resources */ = {
			isa = PBXShellScriptBuildPhase;
			buildActionMask = 2147483647;
			files = (
			);
			inputPaths = (
			);
			name = "[CP] Copy Pods Resources";
			outputPaths = (
			);
			runOnlyForDeploymentPostprocessing = 0;
			shellPath = /bin/sh;
			shellScript = "\"${SRCROOT}/Pods/Target Support Files/Pods-breakpoint/Pods-breakpoint-resources.sh\"\n";
			showEnvVarsInLog = 0;
		};
		F1240D8F95535CD6F2B954BB /* [CP] Embed Pods Frameworks */ = {
			isa = PBXShellScriptBuildPhase;
			buildActionMask = 2147483647;
			files = (
			);
			inputPaths = (
				"${SRCROOT}/Pods/Target Support Files/Pods-breakpoint/Pods-breakpoint-frameworks.sh",
				"${BUILT_PRODUCTS_DIR}/GTMSessionFetcher/GTMSessionFetcher.framework",
				"${BUILT_PRODUCTS_DIR}/GoogleToolboxForMac/GoogleToolboxForMac.framework",
				"${BUILT_PRODUCTS_DIR}/leveldb-library/leveldb.framework",
				"${BUILT_PRODUCTS_DIR}/nanopb/nanopb.framework",
			);
			name = "[CP] Embed Pods Frameworks";
			outputPaths = (
				"${TARGET_BUILD_DIR}/${FRAMEWORKS_FOLDER_PATH}/GTMSessionFetcher.framework",
				"${TARGET_BUILD_DIR}/${FRAMEWORKS_FOLDER_PATH}/GoogleToolboxForMac.framework",
				"${TARGET_BUILD_DIR}/${FRAMEWORKS_FOLDER_PATH}/leveldb.framework",
				"${TARGET_BUILD_DIR}/${FRAMEWORKS_FOLDER_PATH}/nanopb.framework",
			);
			runOnlyForDeploymentPostprocessing = 0;
			shellPath = /bin/sh;
			shellScript = "\"${SRCROOT}/Pods/Target Support Files/Pods-breakpoint/Pods-breakpoint-frameworks.sh\"\n";
			showEnvVarsInLog = 0;
		};
/* End PBXShellScriptBuildPhase section */

/* Begin PBXSourcesBuildPhase section */
		908856F9204D846D00B1373F /* Sources */ = {
			isa = PBXSourcesBuildPhase;
			buildActionMask = 2147483647;
			files = (
				90885705204D846D00B1373F /* SecondViewController.swift in Sources */,
				90885701204D846D00B1373F /* AppDelegate.swift in Sources */,
				90885720204DB45A00B1373F /* RoundedView.swift in Sources */,
				9088571E204DA20400B1373F /* GradientView.swift in Sources */,
				90885703204D846D00B1373F /* FirstViewController.swift in Sources */,
				9088571C204D930600B1373F /* DataService.swift in Sources */,
			);
			runOnlyForDeploymentPostprocessing = 0;
		};
/* End PBXSourcesBuildPhase section */

/* Begin PBXVariantGroup section */
		90885706204D846E00B1373F /* Main.storyboard */ = {
			isa = PBXVariantGroup;
			children = (
				90885707204D846E00B1373F /* Base */,
			);
			name = Main.storyboard;
			sourceTree = "<group>";
		};
		9088570B204D847600B1373F /* LaunchScreen.storyboard */ = {
			isa = PBXVariantGroup;
			children = (
				9088570C204D847600B1373F /* Base */,
			);
			name = LaunchScreen.storyboard;
			sourceTree = "<group>";
		};
/* End PBXVariantGroup section */

/* Begin XCBuildConfiguration section */
		9088570F204D847600B1373F /* Debug */ = {
			isa = XCBuildConfiguration;
			buildSettings = {
				ALWAYS_SEARCH_USER_PATHS = NO;
				CLANG_ANALYZER_NONNULL = YES;
				CLANG_ANALYZER_NUMBER_OBJECT_CONVERSION = YES_AGGRESSIVE;
				CLANG_CXX_LANGUAGE_STANDARD = "gnu++14";
				CLANG_CXX_LIBRARY = "libc++";
				CLANG_ENABLE_MODULES = YES;
				CLANG_ENABLE_OBJC_ARC = YES;
				CLANG_ENABLE_OBJC_WEAK = YES;
				CLANG_WARN_BLOCK_CAPTURE_AUTORELEASING = YES;
				CLANG_WARN_BOOL_CONVERSION = YES;
				CLANG_WARN_COMMA = YES;
				CLANG_WARN_CONSTANT_CONVERSION = YES;
				CLANG_WARN_DEPRECATED_OBJC_IMPLEMENTATIONS = YES;
				CLANG_WARN_DIRECT_OBJC_ISA_USAGE = YES_ERROR;
				CLANG_WARN_DOCUMENTATION_COMMENTS = YES;
				CLANG_WARN_EMPTY_BODY = YES;
				CLANG_WARN_ENUM_CONVERSION = YES;
				CLANG_WARN_INFINITE_RECURSION = YES;
				CLANG_WARN_INT_CONVERSION = YES;
				CLANG_WARN_NON_LITERAL_NULL_CONVERSION = YES;
				CLANG_WARN_OBJC_IMPLICIT_RETAIN_SELF = YES;
				CLANG_WARN_OBJC_LITERAL_CONVERSION = YES;
				CLANG_WARN_OBJC_ROOT_CLASS = YES_ERROR;
				CLANG_WARN_RANGE_LOOP_ANALYSIS = YES;
				CLANG_WARN_STRICT_PROTOTYPES = YES;
				CLANG_WARN_SUSPICIOUS_MOVE = YES;
				CLANG_WARN_UNGUARDED_AVAILABILITY = YES_AGGRESSIVE;
				CLANG_WARN_UNREACHABLE_CODE = YES;
				CLANG_WARN__DUPLICATE_METHOD_MATCH = YES;
				CODE_SIGN_IDENTITY = "iPhone Developer";
				COPY_PHASE_STRIP = NO;
				DEBUG_INFORMATION_FORMAT = dwarf;
				ENABLE_STRICT_OBJC_MSGSEND = YES;
				ENABLE_TESTABILITY = YES;
				GCC_C_LANGUAGE_STANDARD = gnu11;
				GCC_DYNAMIC_NO_PIC = NO;
				GCC_NO_COMMON_BLOCKS = YES;
				GCC_OPTIMIZATION_LEVEL = 0;
				GCC_PREPROCESSOR_DEFINITIONS = (
					"DEBUG=1",
					"$(inherited)",
				);
				GCC_WARN_64_TO_32_BIT_CONVERSION = YES;
				GCC_WARN_ABOUT_RETURN_TYPE = YES_ERROR;
				GCC_WARN_UNDECLARED_SELECTOR = YES;
				GCC_WARN_UNINITIALIZED_AUTOS = YES_AGGRESSIVE;
				GCC_WARN_UNUSED_FUNCTION = YES;
				GCC_WARN_UNUSED_VARIABLE = YES;
				IPHONEOS_DEPLOYMENT_TARGET = 11.3;
				MTL_ENABLE_DEBUG_INFO = YES;
				ONLY_ACTIVE_ARCH = YES;
				SDKROOT = iphoneos;
				SWIFT_ACTIVE_COMPILATION_CONDITIONS = DEBUG;
				SWIFT_OPTIMIZATION_LEVEL = "-Onone";
			};
			name = Debug;
		};
		90885710204D847600B1373F /* Release */ = {
			isa = XCBuildConfiguration;
			buildSettings = {
				ALWAYS_SEARCH_USER_PATHS = NO;
				CLANG_ANALYZER_NONNULL = YES;
				CLANG_ANALYZER_NUMBER_OBJECT_CONVERSION = YES_AGGRESSIVE;
				CLANG_CXX_LANGUAGE_STANDARD = "gnu++14";
				CLANG_CXX_LIBRARY = "libc++";
				CLANG_ENABLE_MODULES = YES;
				CLANG_ENABLE_OBJC_ARC = YES;
				CLANG_ENABLE_OBJC_WEAK = YES;
				CLANG_WARN_BLOCK_CAPTURE_AUTORELEASING = YES;
				CLANG_WARN_BOOL_CONVERSION = YES;
				CLANG_WARN_COMMA = YES;
				CLANG_WARN_CONSTANT_CONVERSION = YES;
				CLANG_WARN_DEPRECATED_OBJC_IMPLEMENTATIONS = YES;
				CLANG_WARN_DIRECT_OBJC_ISA_USAGE = YES_ERROR;
				CLANG_WARN_DOCUMENTATION_COMMENTS = YES;
				CLANG_WARN_EMPTY_BODY = YES;
				CLANG_WARN_ENUM_CONVERSION = YES;
				CLANG_WARN_INFINITE_RECURSION = YES;
				CLANG_WARN_INT_CONVERSION = YES;
				CLANG_WARN_NON_LITERAL_NULL_CONVERSION = YES;
				CLANG_WARN_OBJC_IMPLICIT_RETAIN_SELF = YES;
				CLANG_WARN_OBJC_LITERAL_CONVERSION = YES;
				CLANG_WARN_OBJC_ROOT_CLASS = YES_ERROR;
				CLANG_WARN_RANGE_LOOP_ANALYSIS = YES;
				CLANG_WARN_STRICT_PROTOTYPES = YES;
				CLANG_WARN_SUSPICIOUS_MOVE = YES;
				CLANG_WARN_UNGUARDED_AVAILABILITY = YES_AGGRESSIVE;
				CLANG_WARN_UNREACHABLE_CODE = YES;
				CLANG_WARN__DUPLICATE_METHOD_MATCH = YES;
				CODE_SIGN_IDENTITY = "iPhone Developer";
				COPY_PHASE_STRIP = NO;
				DEBUG_INFORMATION_FORMAT = "dwarf-with-dsym";
				ENABLE_NS_ASSERTIONS = NO;
				ENABLE_STRICT_OBJC_MSGSEND = YES;
				GCC_C_LANGUAGE_STANDARD = gnu11;
				GCC_NO_COMMON_BLOCKS = YES;
				GCC_WARN_64_TO_32_BIT_CONVERSION = YES;
				GCC_WARN_ABOUT_RETURN_TYPE = YES_ERROR;
				GCC_WARN_UNDECLARED_SELECTOR = YES;
				GCC_WARN_UNINITIALIZED_AUTOS = YES_AGGRESSIVE;
				GCC_WARN_UNUSED_FUNCTION = YES;
				GCC_WARN_UNUSED_VARIABLE = YES;
				IPHONEOS_DEPLOYMENT_TARGET = 11.3;
				MTL_ENABLE_DEBUG_INFO = NO;
				SDKROOT = iphoneos;
				SWIFT_COMPILATION_MODE = wholemodule;
				SWIFT_OPTIMIZATION_LEVEL = "-O";
				VALIDATE_PRODUCT = YES;
			};
			name = Release;
		};
		90885712204D847600B1373F /* Debug */ = {
			isa = XCBuildConfiguration;
			baseConfigurationReference = E295022F1C88C5A0FEAD4A00 /* Pods-breakpoint.debug.xcconfig */;
			buildSettings = {
				ASSETCATALOG_COMPILER_APPICON_NAME = AppIcon;
				CODE_SIGN_STYLE = Automatic;
				DEVELOPMENT_TEAM = WZ7Q2M29G8;
				INFOPLIST_FILE = breakpoint/Info.plist;
				LD_RUNPATH_SEARCH_PATHS = (
					"$(inherited)",
					"@executable_path/Frameworks",
				);
				PRODUCT_BUNDLE_IDENTIFIER = com.saloufapps.breakpoint;
				PRODUCT_NAME = "$(TARGET_NAME)";
				SWIFT_VERSION = 4.0;
				TARGETED_DEVICE_FAMILY = "1,2";
			};
			name = Debug;
		};
		90885713204D847600B1373F /* Release */ = {
			isa = XCBuildConfiguration;
			baseConfigurationReference = 1AE84E0792A40D311BD1BAF9 /* Pods-breakpoint.release.xcconfig */;
			buildSettings = {
				ASSETCATALOG_COMPILER_APPICON_NAME = AppIcon;
				CODE_SIGN_STYLE = Automatic;
				DEVELOPMENT_TEAM = WZ7Q2M29G8;
				INFOPLIST_FILE = breakpoint/Info.plist;
				LD_RUNPATH_SEARCH_PATHS = (
					"$(inherited)",
					"@executable_path/Frameworks",
				);
				PRODUCT_BUNDLE_IDENTIFIER = com.saloufapps.breakpoint;
				PRODUCT_NAME = "$(TARGET_NAME)";
				SWIFT_VERSION = 4.0;
				TARGETED_DEVICE_FAMILY = "1,2";
			};
			name = Release;
		};
/* End XCBuildConfiguration section */

/* Begin XCConfigurationList section */
		908856F8204D846D00B1373F /* Build configuration list for PBXProject "breakpoint" */ = {
			isa = XCConfigurationList;
			buildConfigurations = (
				9088570F204D847600B1373F /* Debug */,
				90885710204D847600B1373F /* Release */,
			);
			defaultConfigurationIsVisible = 0;
			defaultConfigurationName = Release;
		};
		90885711204D847600B1373F /* Build configuration list for PBXNativeTarget "breakpoint" */ = {
			isa = XCConfigurationList;
			buildConfigurations = (
				90885712204D847600B1373F /* Debug */,
				90885713204D847600B1373F /* Release */,
			);
			defaultConfigurationIsVisible = 0;
			defaultConfigurationName = Release;
		};
/* End XCConfigurationList section */
	};
	rootObject = 908856F5204D846D00B1373F /* Project object */;
}
